
Microsoft Visual Studio Solution File, Format Version 12.00
# Visual Studio 15
VisualStudioVersion = 15.0.27004.2002
MinimumVisualStudioVersion = 10.0.40219.1
Project("{2150E333-8FDC-42A3-9474-1A3956D46DE8}") = "PS", "PS", "{4B01B878-1605-40D0-B644-278BD975FF63}"
	ProjectSection(SolutionItems) = preProject
		PS\BuildCab.ps1 = PS\BuildCab.ps1
	EndProjectSection
EndProject
Global
	GlobalSection(SolutionProperties) = preSolution
		HideSolutionNode = FALSE
	EndGlobalSection
	GlobalSection(ExtensibilityGlobals) = postSolution
		SolutionGuid = {0A79630F-F5D5-472A-AC21-0602A28D5389}
	EndGlobalSection
EndGlobal
